
Microsoft Visual Studio Solution File, Format Version 12.00
# Visual Studio Version 16
VisualStudioVersion = 16.0.30225.117
MinimumVisualStudioVersion = 10.0.40219.1
Project("{FAE04EC0-301F-11D3-BF4B-00C04F79EFBC}") = "MatchGame", "MatchGame.csproj", "{34A6B1DD-14D8-409D-9D87-7F97B95A1024}"
EndProject
Global
	GlobalSection(SolutionConfigurationPlatforms) = preSolution
		Debug|Any CPU = Debug|Any CPU
		Release|Any CPU = Release|Any CPU
	EndGlobalSection
	GlobalSection(ProjectConfigurationPlatforms) = postSolution
		{34A6B1DD-14D8-409D-9D87-7F97B95A1024}.Debug|Any CPU.ActiveCfg = Debug|Any CPU
		{34A6B1DD-14D8-409D-9D87-7F97B95A1024}.Debug|Any CPU.Build.0 = Debug|Any CPU
		{34A6B1DD-14D8-409D-9D87-7F97B95A1024}.Release|Any CPU.ActiveCfg = Release|Any CPU
		{34A6B1DD-14D8-409D-9D87-7F97B95A1024}.Release|Any CPU.Build.0 = Release|Any CPU
	EndGlobalSection
	GlobalSection(SolutionProperties) = preSolution
		HideSolutionNode = FALSE
	EndGlobalSection
	GlobalSection(ExtensibilityGlobals) = postSolution
		SolutionGuid = {37BDCCBC-1C5D-45AD-8144-B188552850A3}
	EndGlobalSection
EndGlobal
